// !$*UTF8*$!
{
	archiveVersion = 1;
	classes = {
	};
	objectVersion = 56;
	objects = {

/* Begin PBXBuildFile section */
		A005E1492BED6AC900DAD45B /* BeforeBackup.storyboard in Resources */ = {isa = PBXBuildFile; fileRef = A005E1482BED6AC900DAD45B /* BeforeBackup.storyboard */; };
		A005E14B2BED6B0000DAD45B /* BeforeBackupViewController.swift in Sources */ = {isa = PBXBuildFile; fileRef = A005E14A2BED6B0000DAD45B /* BeforeBackupViewController.swift */; };
		CD0DCE5D2BE3A092008A5F27 /* AppDelegate.swift in Sources */ = {isa = PBXBuildFile; fileRef = CD0DCE5C2BE3A092008A5F27 /* AppDelegate.swift */; };
		CD0DCE5F2BE3A092008A5F27 /* SceneDelegate.swift in Sources */ = {isa = PBXBuildFile; fileRef = CD0DCE5E2BE3A092008A5F27 /* SceneDelegate.swift */; };
		CD0DCE612BE3A092008A5F27 /* WelcomeViewController.swift in Sources */ = {isa = PBXBuildFile; fileRef = CD0DCE602BE3A092008A5F27 /* WelcomeViewController.swift */; };
		CD0DCE662BE3A093008A5F27 /* Assets.xcassets in Resources */ = {isa = PBXBuildFile; fileRef = CD0DCE652BE3A093008A5F27 /* Assets.xcassets */; };
		CD0DCE692BE3A093008A5F27 /* LaunchScreen.storyboard in Resources */ = {isa = PBXBuildFile; fileRef = CD0DCE672BE3A093008A5F27 /* LaunchScreen.storyboard */; };
		CD0DCE772BE3AA79008A5F27 /* .gitignore in Resources */ = {isa = PBXBuildFile; fileRef = CD0DCE752BE3AA79008A5F27 /* .gitignore */; };
		CD0DCE782BE3AA79008A5F27 /* .gitattributes in Resources */ = {isa = PBXBuildFile; fileRef = CD0DCE762BE3AA79008A5F27 /* .gitattributes */; };
		CD2C7ADF2BE7AE2600A9403A /* WhatsCollectedView.swift in Sources */ = {isa = PBXBuildFile; fileRef = CD2C7ADE2BE7AE2600A9403A /* WhatsCollectedView.swift */; };
		CD2C7AE22BE7BB2100A9403A /* SecureFundsViewController.swift in Sources */ = {isa = PBXBuildFile; fileRef = CD2C7AE12BE7BB2100A9403A /* SecureFundsViewController.swift */; };
		CD2C7AE52BE7BB5800A9403A /* SecureFunds.storyboard in Resources */ = {isa = PBXBuildFile; fileRef = CD2C7AE42BE7BB5800A9403A /* SecureFunds.storyboard */; };
		CD2C7AE72BE7BE4E00A9403A /* StorageFunds.swift in Sources */ = {isa = PBXBuildFile; fileRef = CD2C7AE62BE7BE4E00A9403A /* StorageFunds.swift */; };
		CD3133BD2BF33EF700962106 /* DenominationView.swift in Sources */ = {isa = PBXBuildFile; fileRef = CD3133BC2BF33EF700962106 /* DenominationView.swift */; };
		CD3133C22BF3483F00962106 /* Denomination.xib in Resources */ = {isa = PBXBuildFile; fileRef = CD3133C12BF3483F00962106 /* Denomination.xib */; };
		CD328C452BEB71CA0008967F /* ButtonBottomView.swift in Sources */ = {isa = PBXBuildFile; fileRef = CD328C442BEB71CA0008967F /* ButtonBottomView.swift */; };
		CD38BD012BF11D6500FEE3C4 /* ReceiveViewController.swift in Sources */ = {isa = PBXBuildFile; fileRef = CD38BD002BF11D6500FEE3C4 /* ReceiveViewController.swift */; };
		CD38BD032BF11D7000FEE3C4 /* Receive.storyboard in Resources */ = {isa = PBXBuildFile; fileRef = CD38BD022BF11D7000FEE3C4 /* Receive.storyboard */; };
		CD405A242BEA24950045779A /* MainProfileViewController.swift in Sources */ = {isa = PBXBuildFile; fileRef = CD405A232BEA24950045779A /* MainProfileViewController.swift */; };
		CD405A272BEA24AE0045779A /* MainProfile.storyboard in Resources */ = {isa = PBXBuildFile; fileRef = CD405A262BEA24AE0045779A /* MainProfile.storyboard */; };
		CD405A292BEA43FA0045779A /* TransactionViewCell.swift in Sources */ = {isa = PBXBuildFile; fileRef = CD405A282BEA43FA0045779A /* TransactionViewCell.swift */; };
		CD405A2B2BEA44100045779A /* TransactionViewCell.xib in Resources */ = {isa = PBXBuildFile; fileRef = CD405A2A2BEA44100045779A /* TransactionViewCell.xib */; };
		CD405A302BEA4C650045779A /* BottomMenuView.swift in Sources */ = {isa = PBXBuildFile; fileRef = CD405A2F2BEA4C650045779A /* BottomMenuView.swift */; };
		CD44E0352BE8EB52007C6FF9 /* AppSettingsViewController.swift in Sources */ = {isa = PBXBuildFile; fileRef = CD44E0342BE8EB52007C6FF9 /* AppSettingsViewController.swift */; };
		CD44E0382BE8EB74007C6FF9 /* AppSettings.storyboard in Resources */ = {isa = PBXBuildFile; fileRef = CD44E0372BE8EB74007C6FF9 /* AppSettings.storyboard */; };
		CD45086F2C005FAF00450234 /* TransactionDetailsViewController.swift in Sources */ = {isa = PBXBuildFile; fileRef = CD45086E2C005FAF00450234 /* TransactionDetailsViewController.swift */; };
		CD4508712C005FC600450234 /* TransactionDetails.storyboard in Resources */ = {isa = PBXBuildFile; fileRef = CD4508702C005FC600450234 /* TransactionDetails.storyboard */; };
		CD45DF802BF245E800E5960C /* QrViewController.swift in Sources */ = {isa = PBXBuildFile; fileRef = CD45DF7F2BF245E800E5960C /* QrViewController.swift */; };
		CD45DF832BF245FD00E5960C /* QR.storyboard in Resources */ = {isa = PBXBuildFile; fileRef = CD45DF822BF245FD00E5960C /* QR.storyboard */; };
		CD4684FA2C0DD387007CEF4E /* AddNoteViewController.swift in Sources */ = {isa = PBXBuildFile; fileRef = CD4684F92C0DD387007CEF4E /* AddNoteViewController.swift */; };
		CD4684FD2C0DD39A007CEF4E /* AddNote.storyboard in Resources */ = {isa = PBXBuildFile; fileRef = CD4684FC2C0DD39A007CEF4E /* AddNote.storyboard */; };
		CD4DEF682BE8C181001150DD /* RestoreOrNewViewController.swift in Sources */ = {isa = PBXBuildFile; fileRef = CD4DEF672BE8C181001150DD /* RestoreOrNewViewController.swift */; };
		CD4E08D92BE9CDA200837AFC /* Login.storyboard in Resources */ = {isa = PBXBuildFile; fileRef = CD4E08D82BE9CDA200837AFC /* Login.storyboard */; };
		CD5048182BE4F99B001C818F /* AllowDataCollectionViewController.swift in Sources */ = {isa = PBXBuildFile; fileRef = CD5048172BE4F99B001C818F /* AllowDataCollectionViewController.swift */; };
		CD50481B2BE4F9DA001C818F /* AllowDataCollection.storyboard in Resources */ = {isa = PBXBuildFile; fileRef = CD50481A2BE4F9DA001C818F /* AllowDataCollection.storyboard */; };
		CD52EBCC2BECC28600A2F0FA /* DataStore.swift in Sources */ = {isa = PBXBuildFile; fileRef = CD52EBCB2BECC28600A2F0FA /* DataStore.swift */; };
		CD52EBD62BED194800A2F0FA /* User.swift in Sources */ = {isa = PBXBuildFile; fileRef = CD52EBD52BED194800A2F0FA /* User.swift */; };
		CD52EBD82BED296F00A2F0FA /* Extension + UIImage.swift in Sources */ = {isa = PBXBuildFile; fileRef = CD52EBD72BED296F00A2F0FA /* Extension + UIImage.swift */; };
		CD52EBDD2BEE179400A2F0FA /* SideMenuViewController.swift in Sources */ = {isa = PBXBuildFile; fileRef = CD52EBDC2BEE179400A2F0FA /* SideMenuViewController.swift */; };
		CD52EBE22BEE6FD200A2F0FA /* WalletViewCell.swift in Sources */ = {isa = PBXBuildFile; fileRef = CD52EBE12BEE6FD200A2F0FA /* WalletViewCell.swift */; };
		CD52EBE52BEE702600A2F0FA /* WalletViewCell.xib in Resources */ = {isa = PBXBuildFile; fileRef = CD52EBE42BEE702600A2F0FA /* WalletViewCell.xib */; };
		CD52EBE72BEF9AC400A2F0FA /* AboutViewController.swift in Sources */ = {isa = PBXBuildFile; fileRef = CD52EBE62BEF9AC400A2F0FA /* AboutViewController.swift */; };
		CD52EBEA2BEF9AEA00A2F0FA /* About.storyboard in Resources */ = {isa = PBXBuildFile; fileRef = CD52EBE92BEF9AEA00A2F0FA /* About.storyboard */; };
		CD52EBF22BEFE4B500A2F0FA /* WalletPreferencesViewController.swift in Sources */ = {isa = PBXBuildFile; fileRef = CD52EBF12BEFE4B500A2F0FA /* WalletPreferencesViewController.swift */; };
		CD52EBF52BEFE54800A2F0FA /* WalletPreferences.storyboard in Resources */ = {isa = PBXBuildFile; fileRef = CD52EBF42BEFE54800A2F0FA /* WalletPreferences.storyboard */; };
		CD52EBFA2BEFED4100A2F0FA /* MainSettingsTableViewController.swift in Sources */ = {isa = PBXBuildFile; fileRef = CD52EBF92BEFED4100A2F0FA /* MainSettingsTableViewController.swift */; };
		CD52EBFC2BEFFCFE00A2F0FA /* MainSettings.storyboard in Resources */ = {isa = PBXBuildFile; fileRef = CD52EBFB2BEFFCFE00A2F0FA /* MainSettings.storyboard */; };
		CD52EBFE2BF0025000A2F0FA /* OneLineSettingCell.xib in Resources */ = {isa = PBXBuildFile; fileRef = CD52EBFD2BF0025000A2F0FA /* OneLineSettingCell.xib */; };
		CD52EC002BF0027100A2F0FA /* TwoLineSettingCell.xib in Resources */ = {isa = PBXBuildFile; fileRef = CD52EBFF2BF0027100A2F0FA /* TwoLineSettingCell.xib */; };
		CD52EC052BF002FF00A2F0FA /* OneLineSettingCell.swift in Sources */ = {isa = PBXBuildFile; fileRef = CD52EC042BF002FF00A2F0FA /* OneLineSettingCell.swift */; };
		CD52EC082BF0031C00A2F0FA /* TwoLineSettingCell.swift in Sources */ = {isa = PBXBuildFile; fileRef = CD52EC072BF0031C00A2F0FA /* TwoLineSettingCell.swift */; };
		CD52EC0E2BF0CA6F00A2F0FA /* SendViewController.swift in Sources */ = {isa = PBXBuildFile; fileRef = CD52EC0D2BF0CA6F00A2F0FA /* SendViewController.swift */; };
		CD52EC112BF0CA8B00A2F0FA /* Send.storyboard in Resources */ = {isa = PBXBuildFile; fileRef = CD52EC102BF0CA8B00A2F0FA /* Send.storyboard */; };
		CD7B68912BE9D72500A36129 /* LoginViewController.swift in Sources */ = {isa = PBXBuildFile; fileRef = CD7B68902BE9D72500A36129 /* LoginViewController.swift */; };
		CDEB75172BE3CA7C00F88936 /* Welcome.storyboard in Resources */ = {isa = PBXBuildFile; fileRef = CDEB75152BE3CA7C00F88936 /* Welcome.storyboard */; };
/* End PBXBuildFile section */

/* Begin PBXFileReference section */
		A005E1482BED6AC900DAD45B /* BeforeBackup.storyboard */ = {isa = PBXFileReference; lastKnownFileType = file.storyboard; path = BeforeBackup.storyboard; sourceTree = "<group>"; };
		A005E14A2BED6B0000DAD45B /* BeforeBackupViewController.swift */ = {isa = PBXFileReference; lastKnownFileType = sourcecode.swift; path = BeforeBackupViewController.swift; sourceTree = "<group>"; };
		CD0DCE592BE3A092008A5F27 /* SourceWallet.app */ = {isa = PBXFileReference; explicitFileType = wrapper.application; includeInIndex = 0; path = SourceWallet.app; sourceTree = BUILT_PRODUCTS_DIR; };
		CD0DCE5C2BE3A092008A5F27 /* AppDelegate.swift */ = {isa = PBXFileReference; lastKnownFileType = sourcecode.swift; path = AppDelegate.swift; sourceTree = "<group>"; };
		CD0DCE5E2BE3A092008A5F27 /* SceneDelegate.swift */ = {isa = PBXFileReference; lastKnownFileType = sourcecode.swift; path = SceneDelegate.swift; sourceTree = "<group>"; };
		CD0DCE602BE3A092008A5F27 /* WelcomeViewController.swift */ = {isa = PBXFileReference; lastKnownFileType = sourcecode.swift; path = WelcomeViewController.swift; sourceTree = "<group>"; };
		CD0DCE652BE3A093008A5F27 /* Assets.xcassets */ = {isa = PBXFileReference; lastKnownFileType = folder.assetcatalog; path = Assets.xcassets; sourceTree = "<group>"; };
		CD0DCE682BE3A093008A5F27 /* Base */ = {isa = PBXFileReference; lastKnownFileType = file.storyboard; name = Base; path = Base.lproj/LaunchScreen.storyboard; sourceTree = "<group>"; };
		CD0DCE6A2BE3A093008A5F27 /* Info.plist */ = {isa = PBXFileReference; lastKnownFileType = text.plist.xml; path = Info.plist; sourceTree = "<group>"; };
		CD0DCE752BE3AA79008A5F27 /* .gitignore */ = {isa = PBXFileReference; fileEncoding = 4; lastKnownFileType = text; path = .gitignore; sourceTree = "<group>"; };
		CD0DCE762BE3AA79008A5F27 /* .gitattributes */ = {isa = PBXFileReference; fileEncoding = 4; lastKnownFileType = text; path = .gitattributes; sourceTree = "<group>"; };
		CD2C7ADE2BE7AE2600A9403A /* WhatsCollectedView.swift */ = {isa = PBXFileReference; lastKnownFileType = sourcecode.swift; path = WhatsCollectedView.swift; sourceTree = "<group>"; };
		CD2C7AE12BE7BB2100A9403A /* SecureFundsViewController.swift */ = {isa = PBXFileReference; lastKnownFileType = sourcecode.swift; path = SecureFundsViewController.swift; sourceTree = "<group>"; };
		CD2C7AE42BE7BB5800A9403A /* SecureFunds.storyboard */ = {isa = PBXFileReference; lastKnownFileType = file.storyboard; path = SecureFunds.storyboard; sourceTree = "<group>"; };
		CD2C7AE62BE7BE4E00A9403A /* StorageFunds.swift */ = {isa = PBXFileReference; lastKnownFileType = sourcecode.swift; path = StorageFunds.swift; sourceTree = "<group>"; };
		CD3133BC2BF33EF700962106 /* DenominationView.swift */ = {isa = PBXFileReference; lastKnownFileType = sourcecode.swift; path = DenominationView.swift; sourceTree = "<group>"; };
		CD3133C12BF3483F00962106 /* Denomination.xib */ = {isa = PBXFileReference; lastKnownFileType = file.xib; path = Denomination.xib; sourceTree = "<group>"; };
		CD328C442BEB71CA0008967F /* ButtonBottomView.swift */ = {isa = PBXFileReference; lastKnownFileType = sourcecode.swift; path = ButtonBottomView.swift; sourceTree = "<group>"; };
		CD38BD002BF11D6500FEE3C4 /* ReceiveViewController.swift */ = {isa = PBXFileReference; lastKnownFileType = sourcecode.swift; path = ReceiveViewController.swift; sourceTree = "<group>"; };
		CD38BD022BF11D7000FEE3C4 /* Receive.storyboard */ = {isa = PBXFileReference; lastKnownFileType = file.storyboard; path = Receive.storyboard; sourceTree = "<group>"; };
		CD405A232BEA24950045779A /* MainProfileViewController.swift */ = {isa = PBXFileReference; lastKnownFileType = sourcecode.swift; path = MainProfileViewController.swift; sourceTree = "<group>"; };
		CD405A262BEA24AE0045779A /* MainProfile.storyboard */ = {isa = PBXFileReference; lastKnownFileType = file.storyboard; path = MainProfile.storyboard; sourceTree = "<group>"; };
		CD405A282BEA43FA0045779A /* TransactionViewCell.swift */ = {isa = PBXFileReference; lastKnownFileType = sourcecode.swift; path = TransactionViewCell.swift; sourceTree = "<group>"; };
		CD405A2A2BEA44100045779A /* TransactionViewCell.xib */ = {isa = PBXFileReference; lastKnownFileType = file.xib; path = TransactionViewCell.xib; sourceTree = "<group>"; };
		CD405A2F2BEA4C650045779A /* BottomMenuView.swift */ = {isa = PBXFileReference; lastKnownFileType = sourcecode.swift; path = BottomMenuView.swift; sourceTree = "<group>"; };
		CD44E0342BE8EB52007C6FF9 /* AppSettingsViewController.swift */ = {isa = PBXFileReference; lastKnownFileType = sourcecode.swift; path = AppSettingsViewController.swift; sourceTree = "<group>"; };
		CD44E0372BE8EB74007C6FF9 /* AppSettings.storyboard */ = {isa = PBXFileReference; lastKnownFileType = file.storyboard; path = AppSettings.storyboard; sourceTree = "<group>"; };
		CD45086E2C005FAF00450234 /* TransactionDetailsViewController.swift */ = {isa = PBXFileReference; lastKnownFileType = sourcecode.swift; path = TransactionDetailsViewController.swift; sourceTree = "<group>"; };
		CD4508702C005FC600450234 /* TransactionDetails.storyboard */ = {isa = PBXFileReference; lastKnownFileType = file.storyboard; path = TransactionDetails.storyboard; sourceTree = "<group>"; };
		CD45DF7F2BF245E800E5960C /* QrViewController.swift */ = {isa = PBXFileReference; lastKnownFileType = sourcecode.swift; path = QrViewController.swift; sourceTree = "<group>"; };
		CD45DF822BF245FD00E5960C /* QR.storyboard */ = {isa = PBXFileReference; lastKnownFileType = file.storyboard; path = QR.storyboard; sourceTree = "<group>"; };
		CD4684F92C0DD387007CEF4E /* AddNoteViewController.swift */ = {isa = PBXFileReference; lastKnownFileType = sourcecode.swift; path = AddNoteViewController.swift; sourceTree = "<group>"; };
		CD4684FC2C0DD39A007CEF4E /* AddNote.storyboard */ = {isa = PBXFileReference; lastKnownFileType = file.storyboard; path = AddNote.storyboard; sourceTree = "<group>"; };
		CD4DEF672BE8C181001150DD /* RestoreOrNewViewController.swift */ = {isa = PBXFileReference; lastKnownFileType = sourcecode.swift; path = RestoreOrNewViewController.swift; sourceTree = "<group>"; };
		CD4E08D82BE9CDA200837AFC /* Login.storyboard */ = {isa = PBXFileReference; lastKnownFileType = file.storyboard; path = Login.storyboard; sourceTree = "<group>"; };
		CD5048172BE4F99B001C818F /* AllowDataCollectionViewController.swift */ = {isa = PBXFileReference; lastKnownFileType = sourcecode.swift; path = AllowDataCollectionViewController.swift; sourceTree = "<group>"; };
		CD50481A2BE4F9DA001C818F /* AllowDataCollection.storyboard */ = {isa = PBXFileReference; lastKnownFileType = file.storyboard; path = AllowDataCollection.storyboard; sourceTree = "<group>"; };
		CD52EBCB2BECC28600A2F0FA /* DataStore.swift */ = {isa = PBXFileReference; lastKnownFileType = sourcecode.swift; path = DataStore.swift; sourceTree = "<group>"; };
		CD52EBD52BED194800A2F0FA /* User.swift */ = {isa = PBXFileReference; lastKnownFileType = sourcecode.swift; path = User.swift; sourceTree = "<group>"; };
		CD52EBD72BED296F00A2F0FA /* Extension + UIImage.swift */ = {isa = PBXFileReference; lastKnownFileType = sourcecode.swift; path = "Extension + UIImage.swift"; sourceTree = "<group>"; };
		CD52EBDC2BEE179400A2F0FA /* SideMenuViewController.swift */ = {isa = PBXFileReference; lastKnownFileType = sourcecode.swift; path = SideMenuViewController.swift; sourceTree = "<group>"; };
		CD52EBE12BEE6FD200A2F0FA /* WalletViewCell.swift */ = {isa = PBXFileReference; lastKnownFileType = sourcecode.swift; path = WalletViewCell.swift; sourceTree = "<group>"; };
		CD52EBE42BEE702600A2F0FA /* WalletViewCell.xib */ = {isa = PBXFileReference; lastKnownFileType = file.xib; path = WalletViewCell.xib; sourceTree = "<group>"; };
		CD52EBE62BEF9AC400A2F0FA /* AboutViewController.swift */ = {isa = PBXFileReference; lastKnownFileType = sourcecode.swift; path = AboutViewController.swift; sourceTree = "<group>"; };
		CD52EBE92BEF9AEA00A2F0FA /* About.storyboard */ = {isa = PBXFileReference; lastKnownFileType = file.storyboard; path = About.storyboard; sourceTree = "<group>"; };
		CD52EBF12BEFE4B500A2F0FA /* WalletPreferencesViewController.swift */ = {isa = PBXFileReference; lastKnownFileType = sourcecode.swift; path = WalletPreferencesViewController.swift; sourceTree = "<group>"; };
		CD52EBF42BEFE54800A2F0FA /* WalletPreferences.storyboard */ = {isa = PBXFileReference; lastKnownFileType = file.storyboard; path = WalletPreferences.storyboard; sourceTree = "<group>"; };
		CD52EBF92BEFED4100A2F0FA /* MainSettingsTableViewController.swift */ = {isa = PBXFileReference; lastKnownFileType = sourcecode.swift; path = MainSettingsTableViewController.swift; sourceTree = "<group>"; };
		CD52EBFB2BEFFCFE00A2F0FA /* MainSettings.storyboard */ = {isa = PBXFileReference; lastKnownFileType = file.storyboard; path = MainSettings.storyboard; sourceTree = "<group>"; };
		CD52EBFD2BF0025000A2F0FA /* OneLineSettingCell.xib */ = {isa = PBXFileReference; lastKnownFileType = file.xib; path = OneLineSettingCell.xib; sourceTree = "<group>"; };
		CD52EBFF2BF0027100A2F0FA /* TwoLineSettingCell.xib */ = {isa = PBXFileReference; lastKnownFileType = file.xib; path = TwoLineSettingCell.xib; sourceTree = "<group>"; };
		CD52EC042BF002FF00A2F0FA /* OneLineSettingCell.swift */ = {isa = PBXFileReference; lastKnownFileType = sourcecode.swift; path = OneLineSettingCell.swift; sourceTree = "<group>"; };
		CD52EC072BF0031C00A2F0FA /* TwoLineSettingCell.swift */ = {isa = PBXFileReference; lastKnownFileType = sourcecode.swift; path = TwoLineSettingCell.swift; sourceTree = "<group>"; };
		CD52EC0D2BF0CA6F00A2F0FA /* SendViewController.swift */ = {isa = PBXFileReference; lastKnownFileType = sourcecode.swift; path = SendViewController.swift; sourceTree = "<group>"; };
		CD52EC102BF0CA8B00A2F0FA /* Send.storyboard */ = {isa = PBXFileReference; lastKnownFileType = file.storyboard; path = Send.storyboard; sourceTree = "<group>"; };
		CD7B68902BE9D72500A36129 /* LoginViewController.swift */ = {isa = PBXFileReference; lastKnownFileType = sourcecode.swift; path = LoginViewController.swift; sourceTree = "<group>"; };
		CDEB75162BE3CA7C00F88936 /* Base */ = {isa = PBXFileReference; lastKnownFileType = file.storyboard; name = Base; path = Base.lproj/Welcome.storyboard; sourceTree = "<group>"; };
/* End PBXFileReference section */

/* Begin PBXFrameworksBuildPhase section */
		CD0DCE562BE3A092008A5F27 /* Frameworks */ = {
			isa = PBXFrameworksBuildPhase;
			buildActionMask = 2147483647;
			files = (
			);
			runOnlyForDeploymentPostprocessing = 0;
		};
/* End PBXFrameworksBuildPhase section */

/* Begin PBXGroup section */
		A005E1472BED6AA600DAD45B /* BeforeBackup */ = {
			isa = PBXGroup;
			children = (
				A005E1482BED6AC900DAD45B /* BeforeBackup.storyboard */,
				A005E14A2BED6B0000DAD45B /* BeforeBackupViewController.swift */,
			);
			path = BeforeBackup;
			sourceTree = "<group>";
		};
		CD0DCE502BE3A092008A5F27 = {
			isa = PBXGroup;
			children = (
				CD0DCE762BE3AA79008A5F27 /* .gitattributes */,
				CD0DCE752BE3AA79008A5F27 /* .gitignore */,
				CD0DCE5B2BE3A092008A5F27 /* SourceWallet */,
				CD0DCE5A2BE3A092008A5F27 /* Products */,
			);
			sourceTree = "<group>";
		};
		CD0DCE5A2BE3A092008A5F27 /* Products */ = {
			isa = PBXGroup;
			children = (
				CD0DCE592BE3A092008A5F27 /* SourceWallet.app */,
			);
			name = Products;
			sourceTree = "<group>";
		};
		CD0DCE5B2BE3A092008A5F27 /* SourceWallet */ = {
			isa = PBXGroup;
			children = (
				CD0DCE702BE3A192008A5F27 /* App */,
				CD52EBD92BED297400A2F0FA /* Extensions */,
				CD405A2E2BEA444B0045779A /* Models */,
				CD0DCE742BE3A38D008A5F27 /* Resources */,
				CD52EBCA2BECBE0800A2F0FA /* Services */,
				CD0DCE712BE3A1BA008A5F27 /* Storyboards */,
				CD0DCE722BE3A22B008A5F27 /* ViewControllers */,
			);
			path = SourceWallet;
			sourceTree = "<group>";
		};
		CD0DCE702BE3A192008A5F27 /* App */ = {
			isa = PBXGroup;
			children = (
				CD0DCE5C2BE3A092008A5F27 /* AppDelegate.swift */,
				CD0DCE5E2BE3A092008A5F27 /* SceneDelegate.swift */,
				CD0DCE6A2BE3A093008A5F27 /* Info.plist */,
			);
			path = App;
			sourceTree = "<group>";
		};
		CD0DCE712BE3A1BA008A5F27 /* Storyboards */ = {
			isa = PBXGroup;
			children = (
				CD0DCE672BE3A093008A5F27 /* LaunchScreen.storyboard */,
			);
			path = Storyboards;
			sourceTree = "<group>";
		};
		CD0DCE722BE3A22B008A5F27 /* ViewControllers */ = {
			isa = PBXGroup;
			children = (
				CD52EBE82BEF9AC900A2F0FA /* About */,
				CD5048192BE4F9A5001C818F /* AllowDataCollection */,
				CD44E0362BE8EB56007C6FF9 /* AppSettings */,
				A005E1472BED6AA600DAD45B /* BeforeBackup */,
				CD3133C02BF33F0900962106 /* Denomination */,
				CD4E08D72BE9CD8B00837AFC /* Login */,
				CD405A252BEA249A0045779A /* MainProfile */,
				CD52EBF82BEFED1F00A2F0FA /* MainSettings */,
				CD45DF812BF245EC00E5960C /* QR */,
				CD38BD042BF11D7500FEE3C4 /* Receive */,
				CD4DEF692BE8C1DC001150DD /* RestoreOrNew */,
				CD2C7AE32BE7BB2D00A9403A /* SecureFunds */,
				CD52EC0F2BF0CA7200A2F0FA /* Send */,
				CD4508722C005FCB00450234 /* TransactionDetails */,
				CD52EBF32BEFE4BA00A2F0FA /* WalletPreferences */,
				CD0DCE732BE3A23E008A5F27 /* Welcome */,
			);
			path = ViewControllers;
			sourceTree = "<group>";
		};
		CD0DCE732BE3A23E008A5F27 /* Welcome */ = {
			isa = PBXGroup;
			children = (
				CD0DCE602BE3A092008A5F27 /* WelcomeViewController.swift */,
				CDEB75152BE3CA7C00F88936 /* Welcome.storyboard */,
			);
			path = Welcome;
			sourceTree = "<group>";
		};
		CD0DCE742BE3A38D008A5F27 /* Resources */ = {
			isa = PBXGroup;
			children = (
				CD0DCE652BE3A093008A5F27 /* Assets.xcassets */,
			);
			path = Resources;
			sourceTree = "<group>";
		};
		CD2C7AE02BE7B6A100A9403A /* Views */ = {
			isa = PBXGroup;
			children = (
				CD2C7ADE2BE7AE2600A9403A /* WhatsCollectedView.swift */,
			);
			path = Views;
			sourceTree = "<group>";
		};
		CD2C7AE32BE7BB2D00A9403A /* SecureFunds */ = {
			isa = PBXGroup;
			children = (
				CD2C7AE12BE7BB2100A9403A /* SecureFundsViewController.swift */,
				CD2C7AE42BE7BB5800A9403A /* SecureFunds.storyboard */,
				CD2C7AE82BE7BE5200A9403A /* Views */,
			);
			path = SecureFunds;
			sourceTree = "<group>";
		};
		CD2C7AE82BE7BE5200A9403A /* Views */ = {
			isa = PBXGroup;
			children = (
				CD2C7AE62BE7BE4E00A9403A /* StorageFunds.swift */,
			);
			path = Views;
			sourceTree = "<group>";
		};
		CD3133C02BF33F0900962106 /* Denomination */ = {
			isa = PBXGroup;
			children = (
				CD3133BC2BF33EF700962106 /* DenominationView.swift */,
				CD3133C12BF3483F00962106 /* Denomination.xib */,
			);
			path = Denomination;
			sourceTree = "<group>";
		};
		CD38BD042BF11D7500FEE3C4 /* Receive */ = {
			isa = PBXGroup;
			children = (
				CD38BD002BF11D6500FEE3C4 /* ReceiveViewController.swift */,
				CD38BD022BF11D7000FEE3C4 /* Receive.storyboard */,
			);
			path = Receive;
			sourceTree = "<group>";
		};
		CD405A252BEA249A0045779A /* MainProfile */ = {
			isa = PBXGroup;
			children = (
				CD405A232BEA24950045779A /* MainProfileViewController.swift */,
				CD405A262BEA24AE0045779A /* MainProfile.storyboard */,
				CD405A332BEA4CC00045779A /* Views */,
			);
			path = MainProfile;
			sourceTree = "<group>";
		};
		CD405A2E2BEA444B0045779A /* Models */ = {
			isa = PBXGroup;
			children = (
				CD52EBD52BED194800A2F0FA /* User.swift */,
			);
			path = Models;
			sourceTree = "<group>";
		};
		CD405A312BEA4CA40045779A /* TransactionViewCell */ = {
			isa = PBXGroup;
			children = (
				CD405A282BEA43FA0045779A /* TransactionViewCell.swift */,
				CD405A2A2BEA44100045779A /* TransactionViewCell.xib */,
			);
			path = TransactionViewCell;
			sourceTree = "<group>";
		};
		CD405A322BEA4CB40045779A /* ButtonMenu */ = {
			isa = PBXGroup;
			children = (
				CD405A2F2BEA4C650045779A /* BottomMenuView.swift */,
				CD328C442BEB71CA0008967F /* ButtonBottomView.swift */,
			);
			path = ButtonMenu;
			sourceTree = "<group>";
		};
		CD405A332BEA4CC00045779A /* Views */ = {
			isa = PBXGroup;
			children = (
				CD405A322BEA4CB40045779A /* ButtonMenu */,
				CD405A312BEA4CA40045779A /* TransactionViewCell */,
				CD52EBE02BEE6BD500A2F0FA /* SideMenu */,
				CD52EBE32BEE6FE100A2F0FA /* WalletTableViewCell */,
			);
			path = Views;
			sourceTree = "<group>";
		};
		CD44E0362BE8EB56007C6FF9 /* AppSettings */ = {
			isa = PBXGroup;
			children = (
				CD44E0342BE8EB52007C6FF9 /* AppSettingsViewController.swift */,
				CD44E0372BE8EB74007C6FF9 /* AppSettings.storyboard */,
			);
			path = AppSettings;
			sourceTree = "<group>";
		};
		CD4508722C005FCB00450234 /* TransactionDetails */ = {
			isa = PBXGroup;
			children = (
				CD45086E2C005FAF00450234 /* TransactionDetailsViewController.swift */,
				CD4508702C005FC600450234 /* TransactionDetails.storyboard */,
				CD4684FB2C0DD38A007CEF4E /* Views */,
			);
			path = TransactionDetails;
			sourceTree = "<group>";
		};
		CD45DF812BF245EC00E5960C /* QR */ = {
			isa = PBXGroup;
			children = (
				CD45DF7F2BF245E800E5960C /* QrViewController.swift */,
				CD45DF822BF245FD00E5960C /* QR.storyboard */,
			);
			path = QR;
			sourceTree = "<group>";
		};
		CD4684FB2C0DD38A007CEF4E /* Views */ = {
			isa = PBXGroup;
			children = (
				CD4684F92C0DD387007CEF4E /* AddNoteViewController.swift */,
				CD4684FC2C0DD39A007CEF4E /* AddNote.storyboard */,
			);
			path = Views;
			sourceTree = "<group>";
		};
		CD4DEF692BE8C1DC001150DD /* RestoreOrNew */ = {
			isa = PBXGroup;
			children = (
				CD4DEF672BE8C181001150DD /* RestoreOrNewViewController.swift */,
			);
			path = RestoreOrNew;
			sourceTree = "<group>";
		};
		CD4E08D72BE9CD8B00837AFC /* Login */ = {
			isa = PBXGroup;
			children = (
				CD7B68902BE9D72500A36129 /* LoginViewController.swift */,
				CD4E08D82BE9CDA200837AFC /* Login.storyboard */,
			);
			path = Login;
			sourceTree = "<group>";
		};
		CD5048192BE4F9A5001C818F /* AllowDataCollection */ = {
			isa = PBXGroup;
			children = (
				CD5048172BE4F99B001C818F /* AllowDataCollectionViewController.swift */,
				CD50481A2BE4F9DA001C818F /* AllowDataCollection.storyboard */,
				CD2C7AE02BE7B6A100A9403A /* Views */,
			);
			path = AllowDataCollection;
			sourceTree = "<group>";
		};
		CD52EBCA2BECBE0800A2F0FA /* Services */ = {
			isa = PBXGroup;
			children = (
				CD52EBCB2BECC28600A2F0FA /* DataStore.swift */,
			);
			path = Services;
			sourceTree = "<group>";
		};
		CD52EBD92BED297400A2F0FA /* Extensions */ = {
			isa = PBXGroup;
			children = (
				CD52EBD72BED296F00A2F0FA /* Extension + UIImage.swift */,
			);
			path = Extensions;
			sourceTree = "<group>";
		};
		CD52EBE02BEE6BD500A2F0FA /* SideMenu */ = {
			isa = PBXGroup;
			children = (
				CD52EBDC2BEE179400A2F0FA /* SideMenuViewController.swift */,
			);
			path = SideMenu;
			sourceTree = "<group>";
		};
		CD52EBE32BEE6FE100A2F0FA /* WalletTableViewCell */ = {
			isa = PBXGroup;
			children = (
				CD52EBE12BEE6FD200A2F0FA /* WalletViewCell.swift */,
				CD52EBE42BEE702600A2F0FA /* WalletViewCell.xib */,
			);
			path = WalletTableViewCell;
			sourceTree = "<group>";
		};
		CD52EBE82BEF9AC900A2F0FA /* About */ = {
			isa = PBXGroup;
			children = (
				CD52EBE62BEF9AC400A2F0FA /* AboutViewController.swift */,
				CD52EBE92BEF9AEA00A2F0FA /* About.storyboard */,
			);
			path = About;
			sourceTree = "<group>";
		};
		CD52EBF32BEFE4BA00A2F0FA /* WalletPreferences */ = {
			isa = PBXGroup;
			children = (
				CD52EBF12BEFE4B500A2F0FA /* WalletPreferencesViewController.swift */,
				CD52EBF42BEFE54800A2F0FA /* WalletPreferences.storyboard */,
			);
			path = WalletPreferences;
			sourceTree = "<group>";
		};
		CD52EBF82BEFED1F00A2F0FA /* MainSettings */ = {
			isa = PBXGroup;
			children = (
				CD52EBF92BEFED4100A2F0FA /* MainSettingsTableViewController.swift */,
				CD52EBFB2BEFFCFE00A2F0FA /* MainSettings.storyboard */,
				CD52EC032BF0029200A2F0FA /* Views */,
			);
			path = MainSettings;
			sourceTree = "<group>";
		};
		CD52EC032BF0029200A2F0FA /* Views */ = {
			isa = PBXGroup;
			children = (
				CD52EC062BF0030600A2F0FA /* SettingTableViewCell */,
				CD52EC092BF0032100A2F0FA /* TwoLineSetting */,
			);
			path = Views;
			sourceTree = "<group>";
		};
		CD52EC062BF0030600A2F0FA /* SettingTableViewCell */ = {
			isa = PBXGroup;
			children = (
				CD52EC042BF002FF00A2F0FA /* OneLineSettingCell.swift */,
				CD52EBFD2BF0025000A2F0FA /* OneLineSettingCell.xib */,
			);
			path = SettingTableViewCell;
			sourceTree = "<group>";
		};
		CD52EC092BF0032100A2F0FA /* TwoLineSetting */ = {
			isa = PBXGroup;
			children = (
				CD52EC072BF0031C00A2F0FA /* TwoLineSettingCell.swift */,
				CD52EBFF2BF0027100A2F0FA /* TwoLineSettingCell.xib */,
			);
			path = TwoLineSetting;
			sourceTree = "<group>";
		};
		CD52EC0F2BF0CA7200A2F0FA /* Send */ = {
			isa = PBXGroup;
			children = (
				CD52EC0D2BF0CA6F00A2F0FA /* SendViewController.swift */,
				CD52EC102BF0CA8B00A2F0FA /* Send.storyboard */,
			);
			path = Send;
			sourceTree = "<group>";
		};
/* End PBXGroup section */

/* Begin PBXNativeTarget section */
		CD0DCE582BE3A092008A5F27 /* SourceWallet */ = {
			isa = PBXNativeTarget;
			buildConfigurationList = CD0DCE6D2BE3A093008A5F27 /* Build configuration list for PBXNativeTarget "SourceWallet" */;
			buildPhases = (
				CD0DCE552BE3A092008A5F27 /* Sources */,
				CD0DCE562BE3A092008A5F27 /* Frameworks */,
				CD0DCE572BE3A092008A5F27 /* Resources */,
			);
			buildRules = (
			);
			dependencies = (
			);
			name = SourceWallet;
			productName = SourceWallet;
			productReference = CD0DCE592BE3A092008A5F27 /* SourceWallet.app */;
			productType = "com.apple.product-type.application";
		};
/* End PBXNativeTarget section */

/* Begin PBXProject section */
		CD0DCE512BE3A092008A5F27 /* Project object */ = {
			isa = PBXProject;
			attributes = {
				BuildIndependentTargetsInParallel = 1;
				LastSwiftUpdateCheck = 1520;
				LastUpgradeCheck = 1520;
				TargetAttributes = {
					CD0DCE582BE3A092008A5F27 = {
						CreatedOnToolsVersion = 15.2;
					};
				};
			};
			buildConfigurationList = CD0DCE542BE3A092008A5F27 /* Build configuration list for PBXProject "SourceWallet" */;
			compatibilityVersion = "Xcode 14.0";
			developmentRegion = en;
			hasScannedForEncodings = 0;
			knownRegions = (
				en,
				Base,
			);
			mainGroup = CD0DCE502BE3A092008A5F27;
			productRefGroup = CD0DCE5A2BE3A092008A5F27 /* Products */;
			projectDirPath = "";
			projectRoot = "";
			targets = (
				CD0DCE582BE3A092008A5F27 /* SourceWallet */,
			);
		};
/* End PBXProject section */

/* Begin PBXResourcesBuildPhase section */
		CD0DCE572BE3A092008A5F27 /* Resources */ = {
			isa = PBXResourcesBuildPhase;
			buildActionMask = 2147483647;
			files = (
				CD4684FD2C0DD39A007CEF4E /* AddNote.storyboard in Resources */,
				CD38BD032BF11D7000FEE3C4 /* Receive.storyboard in Resources */,
				CD50481B2BE4F9DA001C818F /* AllowDataCollection.storyboard in Resources */,
				CD52EC002BF0027100A2F0FA /* TwoLineSettingCell.xib in Resources */,
				CD3133C22BF3483F00962106 /* Denomination.xib in Resources */,
				A005E1492BED6AC900DAD45B /* BeforeBackup.storyboard in Resources */,
				CD405A272BEA24AE0045779A /* MainProfile.storyboard in Resources */,
				CDEB75172BE3CA7C00F88936 /* Welcome.storyboard in Resources */,
				CD52EBFC2BEFFCFE00A2F0FA /* MainSettings.storyboard in Resources */,
				CD0DCE782BE3AA79008A5F27 /* .gitattributes in Resources */,
				CD52EBF52BEFE54800A2F0FA /* WalletPreferences.storyboard in Resources */,
				CD2C7AE52BE7BB5800A9403A /* SecureFunds.storyboard in Resources */,
				CD405A2B2BEA44100045779A /* TransactionViewCell.xib in Resources */,
				CD0DCE772BE3AA79008A5F27 /* .gitignore in Resources */,
				CD52EBEA2BEF9AEA00A2F0FA /* About.storyboard in Resources */,
				CD45DF832BF245FD00E5960C /* QR.storyboard in Resources */,
				CD0DCE692BE3A093008A5F27 /* LaunchScreen.storyboard in Resources */,
				CD0DCE662BE3A093008A5F27 /* Assets.xcassets in Resources */,
				CD52EC112BF0CA8B00A2F0FA /* Send.storyboard in Resources */,
				CD52EBFE2BF0025000A2F0FA /* OneLineSettingCell.xib in Resources */,
				CD4508712C005FC600450234 /* TransactionDetails.storyboard in Resources */,
				CD44E0382BE8EB74007C6FF9 /* AppSettings.storyboard in Resources */,
				CD4E08D92BE9CDA200837AFC /* Login.storyboard in Resources */,
				CD52EBE52BEE702600A2F0FA /* WalletViewCell.xib in Resources */,
			);
			runOnlyForDeploymentPostprocessing = 0;
		};
/* End PBXResourcesBuildPhase section */

/* Begin PBXSourcesBuildPhase section */
		CD0DCE552BE3A092008A5F27 /* Sources */ = {
			isa = PBXSourcesBuildPhase;
			buildActionMask = 2147483647;
			files = (
				CD328C452BEB71CA0008967F /* ButtonBottomView.swift in Sources */,
				CD3133BD2BF33EF700962106 /* DenominationView.swift in Sources */,
				CD38BD012BF11D6500FEE3C4 /* ReceiveViewController.swift in Sources */,
				CD2C7AE22BE7BB2100A9403A /* SecureFundsViewController.swift in Sources */,
				CD52EBCC2BECC28600A2F0FA /* DataStore.swift in Sources */,
				CD52EBE72BEF9AC400A2F0FA /* AboutViewController.swift in Sources */,
				A005E14B2BED6B0000DAD45B /* BeforeBackupViewController.swift in Sources */,
				CD405A292BEA43FA0045779A /* TransactionViewCell.swift in Sources */,
				CD52EBE22BEE6FD200A2F0FA /* WalletViewCell.swift in Sources */,
				CD405A302BEA4C650045779A /* BottomMenuView.swift in Sources */,
				CD52EBDD2BEE179400A2F0FA /* SideMenuViewController.swift in Sources */,
				CD44E0352BE8EB52007C6FF9 /* AppSettingsViewController.swift in Sources */,
				CD405A242BEA24950045779A /* MainProfileViewController.swift in Sources */,
				CD45086F2C005FAF00450234 /* TransactionDetailsViewController.swift in Sources */,
				CD52EC052BF002FF00A2F0FA /* OneLineSettingCell.swift in Sources */,
				CD52EBD62BED194800A2F0FA /* User.swift in Sources */,
				CD0DCE612BE3A092008A5F27 /* WelcomeViewController.swift in Sources */,
				CD4DEF682BE8C181001150DD /* RestoreOrNewViewController.swift in Sources */,
				CD52EBF22BEFE4B500A2F0FA /* WalletPreferencesViewController.swift in Sources */,
				CD4684FA2C0DD387007CEF4E /* AddNoteViewController.swift in Sources */,
				CD2C7AE72BE7BE4E00A9403A /* StorageFunds.swift in Sources */,
				CD0DCE5D2BE3A092008A5F27 /* AppDelegate.swift in Sources */,
				CD52EBD82BED296F00A2F0FA /* Extension + UIImage.swift in Sources */,
				CD52EBFA2BEFED4100A2F0FA /* MainSettingsTableViewController.swift in Sources */,
				CD5048182BE4F99B001C818F /* AllowDataCollectionViewController.swift in Sources */,
				CD52EC082BF0031C00A2F0FA /* TwoLineSettingCell.swift in Sources */,
				CD0DCE5F2BE3A092008A5F27 /* SceneDelegate.swift in Sources */,
				CD7B68912BE9D72500A36129 /* LoginViewController.swift in Sources */,
				CD52EC0E2BF0CA6F00A2F0FA /* SendViewController.swift in Sources */,
				CD2C7ADF2BE7AE2600A9403A /* WhatsCollectedView.swift in Sources */,
				CD45DF802BF245E800E5960C /* QrViewController.swift in Sources */,
			);
			runOnlyForDeploymentPostprocessing = 0;
		};
/* End PBXSourcesBuildPhase section */

/* Begin PBXVariantGroup section */
		CD0DCE672BE3A093008A5F27 /* LaunchScreen.storyboard */ = {
			isa = PBXVariantGroup;
			children = (
				CD0DCE682BE3A093008A5F27 /* Base */,
			);
			name = LaunchScreen.storyboard;
			sourceTree = "<group>";
		};
		CDEB75152BE3CA7C00F88936 /* Welcome.storyboard */ = {
			isa = PBXVariantGroup;
			children = (
				CDEB75162BE3CA7C00F88936 /* Base */,
			);
			name = Welcome.storyboard;
			sourceTree = "<group>";
		};
/* End PBXVariantGroup section */

/* Begin XCBuildConfiguration section */
		CD0DCE6B2BE3A093008A5F27 /* Debug */ = {
			isa = XCBuildConfiguration;
			buildSettings = {
				ALWAYS_SEARCH_USER_PATHS = NO;
				ASSETCATALOG_COMPILER_GENERATE_SWIFT_ASSET_SYMBOL_EXTENSIONS = YES;
				CLANG_ANALYZER_NONNULL = YES;
				CLANG_ANALYZER_NUMBER_OBJECT_CONVERSION = YES_AGGRESSIVE;
				CLANG_CXX_LANGUAGE_STANDARD = "gnu++20";
				CLANG_ENABLE_MODULES = YES;
				CLANG_ENABLE_OBJC_ARC = YES;
				CLANG_ENABLE_OBJC_WEAK = YES;
				CLANG_WARN_BLOCK_CAPTURE_AUTORELEASING = YES;
				CLANG_WARN_BOOL_CONVERSION = YES;
				CLANG_WARN_COMMA = YES;
				CLANG_WARN_CONSTANT_CONVERSION = YES;
				CLANG_WARN_DEPRECATED_OBJC_IMPLEMENTATIONS = YES;
				CLANG_WARN_DIRECT_OBJC_ISA_USAGE = YES_ERROR;
				CLANG_WARN_DOCUMENTATION_COMMENTS = YES;
				CLANG_WARN_EMPTY_BODY = YES;
				CLANG_WARN_ENUM_CONVERSION = YES;
				CLANG_WARN_INFINITE_RECURSION = YES;
				CLANG_WARN_INT_CONVERSION = YES;
				CLANG_WARN_NON_LITERAL_NULL_CONVERSION = YES;
				CLANG_WARN_OBJC_IMPLICIT_RETAIN_SELF = YES;
				CLANG_WARN_OBJC_LITERAL_CONVERSION = YES;
				CLANG_WARN_OBJC_ROOT_CLASS = YES_ERROR;
				CLANG_WARN_QUOTED_INCLUDE_IN_FRAMEWORK_HEADER = YES;
				CLANG_WARN_RANGE_LOOP_ANALYSIS = YES;
				CLANG_WARN_STRICT_PROTOTYPES = YES;
				CLANG_WARN_SUSPICIOUS_MOVE = YES;
				CLANG_WARN_UNGUARDED_AVAILABILITY = YES_AGGRESSIVE;
				CLANG_WARN_UNREACHABLE_CODE = YES;
				CLANG_WARN__DUPLICATE_METHOD_MATCH = YES;
				COPY_PHASE_STRIP = NO;
				DEBUG_INFORMATION_FORMAT = dwarf;
				ENABLE_STRICT_OBJC_MSGSEND = YES;
				ENABLE_TESTABILITY = YES;
				ENABLE_USER_SCRIPT_SANDBOXING = YES;
				GCC_C_LANGUAGE_STANDARD = gnu17;
				GCC_DYNAMIC_NO_PIC = NO;
				GCC_NO_COMMON_BLOCKS = YES;
				GCC_OPTIMIZATION_LEVEL = 0;
				GCC_PREPROCESSOR_DEFINITIONS = (
					"DEBUG=1",
					"$(inherited)",
				);
				GCC_WARN_64_TO_32_BIT_CONVERSION = YES;
				GCC_WARN_ABOUT_RETURN_TYPE = YES_ERROR;
				GCC_WARN_UNDECLARED_SELECTOR = YES;
				GCC_WARN_UNINITIALIZED_AUTOS = YES_AGGRESSIVE;
				GCC_WARN_UNUSED_FUNCTION = YES;
				GCC_WARN_UNUSED_VARIABLE = YES;
				IPHONEOS_DEPLOYMENT_TARGET = 17.2;
				LOCALIZATION_PREFERS_STRING_CATALOGS = YES;
				MTL_ENABLE_DEBUG_INFO = INCLUDE_SOURCE;
				MTL_FAST_MATH = YES;
				ONLY_ACTIVE_ARCH = YES;
				SDKROOT = iphoneos;
				SWIFT_ACTIVE_COMPILATION_CONDITIONS = "DEBUG $(inherited)";
				SWIFT_OPTIMIZATION_LEVEL = "-Onone";
			};
			name = Debug;
		};
		CD0DCE6C2BE3A093008A5F27 /* Release */ = {
			isa = XCBuildConfiguration;
			buildSettings = {
				ALWAYS_SEARCH_USER_PATHS = NO;
				ASSETCATALOG_COMPILER_GENERATE_SWIFT_ASSET_SYMBOL_EXTENSIONS = YES;
				CLANG_ANALYZER_NONNULL = YES;
				CLANG_ANALYZER_NUMBER_OBJECT_CONVERSION = YES_AGGRESSIVE;
				CLANG_CXX_LANGUAGE_STANDARD = "gnu++20";
				CLANG_ENABLE_MODULES = YES;
				CLANG_ENABLE_OBJC_ARC = YES;
				CLANG_ENABLE_OBJC_WEAK = YES;
				CLANG_WARN_BLOCK_CAPTURE_AUTORELEASING = YES;
				CLANG_WARN_BOOL_CONVERSION = YES;
				CLANG_WARN_COMMA = YES;
				CLANG_WARN_CONSTANT_CONVERSION = YES;
				CLANG_WARN_DEPRECATED_OBJC_IMPLEMENTATIONS = YES;
				CLANG_WARN_DIRECT_OBJC_ISA_USAGE = YES_ERROR;
				CLANG_WARN_DOCUMENTATION_COMMENTS = YES;
				CLANG_WARN_EMPTY_BODY = YES;
				CLANG_WARN_ENUM_CONVERSION = YES;
				CLANG_WARN_INFINITE_RECURSION = YES;
				CLANG_WARN_INT_CONVERSION = YES;
				CLANG_WARN_NON_LITERAL_NULL_CONVERSION = YES;
				CLANG_WARN_OBJC_IMPLICIT_RETAIN_SELF = YES;
				CLANG_WARN_OBJC_LITERAL_CONVERSION = YES;
				CLANG_WARN_OBJC_ROOT_CLASS = YES_ERROR;
				CLANG_WARN_QUOTED_INCLUDE_IN_FRAMEWORK_HEADER = YES;
				CLANG_WARN_RANGE_LOOP_ANALYSIS = YES;
				CLANG_WARN_STRICT_PROTOTYPES = YES;
				CLANG_WARN_SUSPICIOUS_MOVE = YES;
				CLANG_WARN_UNGUARDED_AVAILABILITY = YES_AGGRESSIVE;
				CLANG_WARN_UNREACHABLE_CODE = YES;
				CLANG_WARN__DUPLICATE_METHOD_MATCH = YES;
				COPY_PHASE_STRIP = NO;
				DEBUG_INFORMATION_FORMAT = "dwarf-with-dsym";
				ENABLE_NS_ASSERTIONS = NO;
				ENABLE_STRICT_OBJC_MSGSEND = YES;
				ENABLE_USER_SCRIPT_SANDBOXING = YES;
				GCC_C_LANGUAGE_STANDARD = gnu17;
				GCC_NO_COMMON_BLOCKS = YES;
				GCC_WARN_64_TO_32_BIT_CONVERSION = YES;
				GCC_WARN_ABOUT_RETURN_TYPE = YES_ERROR;
				GCC_WARN_UNDECLARED_SELECTOR = YES;
				GCC_WARN_UNINITIALIZED_AUTOS = YES_AGGRESSIVE;
				GCC_WARN_UNUSED_FUNCTION = YES;
				GCC_WARN_UNUSED_VARIABLE = YES;
				IPHONEOS_DEPLOYMENT_TARGET = 17.2;
				LOCALIZATION_PREFERS_STRING_CATALOGS = YES;
				MTL_ENABLE_DEBUG_INFO = NO;
				MTL_FAST_MATH = YES;
				SDKROOT = iphoneos;
				SWIFT_COMPILATION_MODE = wholemodule;
				VALIDATE_PRODUCT = YES;
			};
			name = Release;
		};
		CD0DCE6E2BE3A093008A5F27 /* Debug */ = {
			isa = XCBuildConfiguration;
			buildSettings = {
				ASSETCATALOG_COMPILER_APPICON_NAME = AppIcon;
				ASSETCATALOG_COMPILER_GLOBAL_ACCENT_COLOR_NAME = AccentColor;
				CODE_SIGN_STYLE = Automatic;
				CURRENT_PROJECT_VERSION = 1;
				DEVELOPMENT_TEAM = V3YK82Q5NN;
				GENERATE_INFOPLIST_FILE = YES;
				INFOPLIST_FILE = SourceWallet/App/Info.plist;
				INFOPLIST_KEY_CFBundleDisplayName = "Source Wallet";
				INFOPLIST_KEY_LSApplicationCategoryType = "public.app-category.finance";
				INFOPLIST_KEY_UIApplicationSupportsIndirectInputEvents = YES;
				INFOPLIST_KEY_UILaunchStoryboardName = LaunchScreen;
				INFOPLIST_KEY_UIMainStoryboardFile = Welcome;
				INFOPLIST_KEY_UISupportedInterfaceOrientations = UIInterfaceOrientationPortrait;
				INFOPLIST_KEY_UISupportedInterfaceOrientations_iPad = "UIInterfaceOrientationLandscapeLeft UIInterfaceOrientationLandscapeRight UIInterfaceOrientationPortrait UIInterfaceOrientationPortraitUpsideDown";
				IPHONEOS_DEPLOYMENT_TARGET = 16.6;
				LD_RUNPATH_SEARCH_PATHS = (
					"$(inherited)",
					"@executable_path/Frameworks",
				);
				MARKETING_VERSION = 1.0;
				PRODUCT_BUNDLE_IDENTIFIER = broski43.SourceWallet;
				PRODUCT_NAME = "$(TARGET_NAME)";
				SUPPORTED_PLATFORMS = "iphoneos iphonesimulator";
				SUPPORTS_MACCATALYST = NO;
				SUPPORTS_MAC_DESIGNED_FOR_IPHONE_IPAD = NO;
				SUPPORTS_XR_DESIGNED_FOR_IPHONE_IPAD = NO;
				SWIFT_EMIT_LOC_STRINGS = YES;
				SWIFT_VERSION = 5.0;
				TARGETED_DEVICE_FAMILY = 1;
			};
			name = Debug;
		};
		CD0DCE6F2BE3A093008A5F27 /* Release */ = {
			isa = XCBuildConfiguration;
			buildSettings = {
				ASSETCATALOG_COMPILER_APPICON_NAME = AppIcon;
				ASSETCATALOG_COMPILER_GLOBAL_ACCENT_COLOR_NAME = AccentColor;
				CODE_SIGN_STYLE = Automatic;
				CURRENT_PROJECT_VERSION = 1;
				DEVELOPMENT_TEAM = V3YK82Q5NN;
				GENERATE_INFOPLIST_FILE = YES;
				INFOPLIST_FILE = SourceWallet/App/Info.plist;
				INFOPLIST_KEY_CFBundleDisplayName = "Source Wallet";
				INFOPLIST_KEY_LSApplicationCategoryType = "public.app-category.finance";
				INFOPLIST_KEY_UIApplicationSupportsIndirectInputEvents = YES;
				INFOPLIST_KEY_UILaunchStoryboardName = LaunchScreen;
				INFOPLIST_KEY_UIMainStoryboardFile = Welcome;
				INFOPLIST_KEY_UISupportedInterfaceOrientations = UIInterfaceOrientationPortrait;
				INFOPLIST_KEY_UISupportedInterfaceOrientations_iPad = "UIInterfaceOrientationLandscapeLeft UIInterfaceOrientationLandscapeRight UIInterfaceOrientationPortrait UIInterfaceOrientationPortraitUpsideDown";
				IPHONEOS_DEPLOYMENT_TARGET = 16.6;
				LD_RUNPATH_SEARCH_PATHS = (
					"$(inherited)",
					"@executable_path/Frameworks",
				);
				MARKETING_VERSION = 1.0;
				PRODUCT_BUNDLE_IDENTIFIER = broski43.SourceWallet;
				PRODUCT_NAME = "$(TARGET_NAME)";
				SUPPORTED_PLATFORMS = "iphoneos iphonesimulator";
				SUPPORTS_MACCATALYST = NO;
				SUPPORTS_MAC_DESIGNED_FOR_IPHONE_IPAD = NO;
				SUPPORTS_XR_DESIGNED_FOR_IPHONE_IPAD = NO;
				SWIFT_EMIT_LOC_STRINGS = YES;
				SWIFT_VERSION = 5.0;
				TARGETED_DEVICE_FAMILY = 1;
			};
			name = Release;
		};
/* End XCBuildConfiguration section */

/* Begin XCConfigurationList section */
		CD0DCE542BE3A092008A5F27 /* Build configuration list for PBXProject "SourceWallet" */ = {
			isa = XCConfigurationList;
			buildConfigurations = (
				CD0DCE6B2BE3A093008A5F27 /* Debug */,
				CD0DCE6C2BE3A093008A5F27 /* Release */,
			);
			defaultConfigurationIsVisible = 0;
			defaultConfigurationName = Release;
		};
		CD0DCE6D2BE3A093008A5F27 /* Build configuration list for PBXNativeTarget "SourceWallet" */ = {
			isa = XCConfigurationList;
			buildConfigurations = (
				CD0DCE6E2BE3A093008A5F27 /* Debug */,
				CD0DCE6F2BE3A093008A5F27 /* Release */,
			);
			defaultConfigurationIsVisible = 0;
			defaultConfigurationName = Release;
		};
/* End XCConfigurationList section */
	};
	rootObject = CD0DCE512BE3A092008A5F27 /* Project object */;
}
